
Microsoft Visual Studio Solution File, Format Version 12.00
# Visual Studio Version 16
VisualStudioVersion = 16.0.29613.14
MinimumVisualStudioVersion = 10.0.40219.1
Project("{FAE04EC0-301F-11D3-BF4B-00C04F79EFBC}") = "ADDBASE", "ADDBASE.csproj", "{95FD1568-C955-432C-BC0F-98FE02F3C3F3}"
EndProject
Global
	GlobalSection(SolutionConfigurationPlatforms) = preSolution
		Debug|Any CPU = Debug|Any CPU
		Release|Any CPU = Release|Any CPU
	EndGlobalSection
	GlobalSection(ProjectConfigurationPlatforms) = postSolution
		{95FD1568-C955-432C-BC0F-98FE02F3C3F3}.Debug|Any CPU.ActiveCfg = Debug|Any CPU
		{95FD1568-C955-432C-BC0F-98FE02F3C3F3}.Debug|Any CPU.Build.0 = Debug|Any CPU
		{95FD1568-C955-432C-BC0F-98FE02F3C3F3}.Release|Any CPU.ActiveCfg = Release|Any CPU
		{95FD1568-C955-432C-BC0F-98FE02F3C3F3}.Release|Any CPU.Build.0 = Release|Any CPU
	EndGlobalSection
	GlobalSection(SolutionProperties) = preSolution
		HideSolutionNode = FALSE
	EndGlobalSection
	GlobalSection(ExtensibilityGlobals) = postSolution
		SolutionGuid = {80E87FFB-7FA5-430D-BF6F-DAC802C6C53B}
	EndGlobalSection
EndGlobal
